
Microsoft Visual Studio Solution File, Format Version 12.00
# Visual Studio Version 17
VisualStudioVersion = 17.13.35931.197 d17.13
MinimumVisualStudioVersion = 10.0.40219.1
Project("{FAE04EC0-301F-11D3-BF4B-00C04F79EFBC}") = "WebApplication1", "WebApplication1\WebApplication1.csproj", "{5A8103B7-A6FE-4288-A330-868B3587F92C}"
EndProject
Global
	GlobalSection(SolutionConfigurationPlatforms) = preSolution
		Debug|Any CPU = Debug|Any CPU
		Release|Any CPU = Release|Any CPU
	EndGlobalSection
	GlobalSection(ProjectConfigurationPlatforms) = postSolution
		{5A8103B7-A6FE-4288-A330-868B3587F92C}.Debug|Any CPU.ActiveCfg = Debug|Any CPU
		{5A8103B7-A6FE-4288-A330-868B3587F92C}.Debug|Any CPU.Build.0 = Debug|Any CPU
		{5A8103B7-A6FE-4288-A330-868B3587F92C}.Release|Any CPU.ActiveCfg = Release|Any CPU
		{5A8103B7-A6FE-4288-A330-868B3587F92C}.Release|Any CPU.Build.0 = Release|Any CPU
	EndGlobalSection
	GlobalSection(SolutionProperties) = preSolution
		HideSolutionNode = FALSE
	EndGlobalSection
	GlobalSection(ExtensibilityGlobals) = postSolution
		SolutionGuid = {B0D569D5-316C-4483-B204-405F128BBB40}
	EndGlobalSection
EndGlobal
